
Microsoft Visual Studio Solution File, Format Version 12.00
# Visual Studio 15
VisualStudioVersion = 15.0.27130.2010
MinimumVisualStudioVersion = 10.0.40219.1
Project("{2150E333-8FDC-42A3-9474-1A3956D46DE8}") = "SolutionItems", "SolutionItems", "{96739FA0-BC0E-4D6E-943D-A87CDC0E9384}"
EndProject
Project("{2150E333-8FDC-42A3-9474-1A3956D46DE8}") = "Source", "Source", "{B4A61F89-C204-4F81-8A96-A42E38F8F788}"
EndProject
Project("{2150E333-8FDC-42A3-9474-1A3956D46DE8}") = "Demos", "Demos", "{11210215-045A-4FE9-9054-0988FCBBE5A0}"
EndProject
Project("{2150E333-8FDC-42A3-9474-1A3956D46DE8}") = "Tests", "Tests", "{9E3DFFFD-C2DF-40A9-9DFB-0CC9F2F16F8C}"
EndProject
Project("{9A19103F-16F7-4668-BE54-9A1E7A4F7556}") = "Xpress.Core", "Source\Xpress.Core\Xpress.Core.csproj", "{C6A17209-8374-4E53-B3BA-8CB8F9F3D9AB}"
EndProject
Project("{9A19103F-16F7-4668-BE54-9A1E7A4F7556}") = "Xpress.Autofac", "Source\Xpress.Autofac\Xpress.Autofac.csproj", "{5DEBFBBB-18DD-485D-991B-D945263CA04C}"
EndProject
Project("{9A19103F-16F7-4668-BE54-9A1E7A4F7556}") = "Xpress.AspNetCore", "Source\Xpress.AspNetCore\Xpress.AspNetCore.csproj", "{C28D11AC-A0AD-4873-8C62-94DBBC1BE748}"
EndProject
Project("{9A19103F-16F7-4668-BE54-9A1E7A4F7556}") = "Xpress.AutoMapper", "Source\Xpress.AutoMapper\Xpress.AutoMapper.csproj", "{EF065F3A-8B3D-4782-9B50-C598DB9614CF}"
EndProject
Project("{9A19103F-16F7-4668-BE54-9A1E7A4F7556}") = "Xpress.Demo.Api", "Demos\Xpress.Demo.Api\Xpress.Demo.Api.csproj", "{9DA56844-BEFC-4935-9082-A27554E615C6}"
EndProject
Project("{9A19103F-16F7-4668-BE54-9A1E7A4F7556}") = "Xpress.Demo.EntityFramework", "Demos\Xpress.Demo.EntityFramework\Xpress.Demo.EntityFramework.csproj", "{A3899A6E-48EF-4A95-B7BD-E60EB6D2F017}"
EndProject
Project("{9A19103F-16F7-4668-BE54-9A1E7A4F7556}") = "Xpress.Demo.Core", "Demos\Xpress.Demo.Core\Xpress.Demo.Core.csproj", "{57E09D90-3C6F-4A9E-8B4D-C8F286798D05}"
EndProject
Project("{9A19103F-16F7-4668-BE54-9A1E7A4F7556}") = "Xpress.Demo.Application", "Demos\Xpress.Demo.Application\Xpress.Demo.Application.csproj", "{CB8AFADC-3A72-4CEF-AB0A-26F99BCF6CF5}"
EndProject
Project("{2150E333-8FDC-42A3-9474-1A3956D46DE8}") = "Servers", "Servers", "{F3B5B037-F413-4B40-9E40-D334963E2A1B}"
EndProject
Project("{9A19103F-16F7-4668-BE54-9A1E7A4F7556}") = "VipCardServer", "Demos\Servers\VipCardServer\VipCardServer.csproj", "{F1D03A83-7898-471F-9157-01627561CAFB}"
EndProject
Project("{9A19103F-16F7-4668-BE54-9A1E7A4F7556}") = "TicketServer", "Demos\Servers\TicketServer\TicketServer.csproj", "{766B5B53-86DC-43AC-8B0E-576E777C0C25}"
EndProject
Project("{9A19103F-16F7-4668-BE54-9A1E7A4F7556}") = "OrderServer", "Demos\Servers\OrderServer\OrderServer.csproj", "{178E19C3-8D25-492D-AA42-6EDC322FEBDD}"
EndProject
Project("{FAE04EC0-301F-11D3-BF4B-00C04F79EFBC}") = "Xpress.CastleWindsor", "Source\Xpress.CastleWindsor\Xpress.CastleWindsor.csproj", "{5C378D04-83B2-459B-9223-0F3C27878E23}"
EndProject
Global
	GlobalSection(SolutionConfigurationPlatforms) = preSolution
		Debug|Any CPU = Debug|Any CPU
		Release|Any CPU = Release|Any CPU
	EndGlobalSection
	GlobalSection(ProjectConfigurationPlatforms) = postSolution
		{C6A17209-8374-4E53-B3BA-8CB8F9F3D9AB}.Debug|Any CPU.ActiveCfg = Debug|Any CPU
		{C6A17209-8374-4E53-B3BA-8CB8F9F3D9AB}.Debug|Any CPU.Build.0 = Debug|Any CPU
		{C6A17209-8374-4E53-B3BA-8CB8F9F3D9AB}.Release|Any CPU.ActiveCfg = Release|Any CPU
		{C6A17209-8374-4E53-B3BA-8CB8F9F3D9AB}.Release|Any CPU.Build.0 = Release|Any CPU
		{5DEBFBBB-18DD-485D-991B-D945263CA04C}.Debug|Any CPU.ActiveCfg = Debug|Any CPU
		{5DEBFBBB-18DD-485D-991B-D945263CA04C}.Debug|Any CPU.Build.0 = Debug|Any CPU
		{5DEBFBBB-18DD-485D-991B-D945263CA04C}.Release|Any CPU.ActiveCfg = Release|Any CPU
		{5DEBFBBB-18DD-485D-991B-D945263CA04C}.Release|Any CPU.Build.0 = Release|Any CPU
		{C28D11AC-A0AD-4873-8C62-94DBBC1BE748}.Debug|Any CPU.ActiveCfg = Debug|Any CPU
		{C28D11AC-A0AD-4873-8C62-94DBBC1BE748}.Debug|Any CPU.Build.0 = Debug|Any CPU
		{C28D11AC-A0AD-4873-8C62-94DBBC1BE748}.Release|Any CPU.ActiveCfg = Release|Any CPU
		{C28D11AC-A0AD-4873-8C62-94DBBC1BE748}.Release|Any CPU.Build.0 = Release|Any CPU
		{EF065F3A-8B3D-4782-9B50-C598DB9614CF}.Debug|Any CPU.ActiveCfg = Debug|Any CPU
		{EF065F3A-8B3D-4782-9B50-C598DB9614CF}.Debug|Any CPU.Build.0 = Debug|Any CPU
		{EF065F3A-8B3D-4782-9B50-C598DB9614CF}.Release|Any CPU.ActiveCfg = Release|Any CPU
		{EF065F3A-8B3D-4782-9B50-C598DB9614CF}.Release|Any CPU.Build.0 = Release|Any CPU
		{9DA56844-BEFC-4935-9082-A27554E615C6}.Debug|Any CPU.ActiveCfg = Debug|Any CPU
		{9DA56844-BEFC-4935-9082-A27554E615C6}.Debug|Any CPU.Build.0 = Debug|Any CPU
		{9DA56844-BEFC-4935-9082-A27554E615C6}.Release|Any CPU.ActiveCfg = Release|Any CPU
		{9DA56844-BEFC-4935-9082-A27554E615C6}.Release|Any CPU.Build.0 = Release|Any CPU
		{A3899A6E-48EF-4A95-B7BD-E60EB6D2F017}.Debug|Any CPU.ActiveCfg = Debug|Any CPU
		{A3899A6E-48EF-4A95-B7BD-E60EB6D2F017}.Debug|Any CPU.Build.0 = Debug|Any CPU
		{A3899A6E-48EF-4A95-B7BD-E60EB6D2F017}.Release|Any CPU.ActiveCfg = Release|Any CPU
		{A3899A6E-48EF-4A95-B7BD-E60EB6D2F017}.Release|Any CPU.Build.0 = Release|Any CPU
		{57E09D90-3C6F-4A9E-8B4D-C8F286798D05}.Debug|Any CPU.ActiveCfg = Debug|Any CPU
		{57E09D90-3C6F-4A9E-8B4D-C8F286798D05}.Debug|Any CPU.Build.0 = Debug|Any CPU
		{57E09D90-3C6F-4A9E-8B4D-C8F286798D05}.Release|Any CPU.ActiveCfg = Release|Any CPU
		{57E09D90-3C6F-4A9E-8B4D-C8F286798D05}.Release|Any CPU.Build.0 = Release|Any CPU
		{CB8AFADC-3A72-4CEF-AB0A-26F99BCF6CF5}.Debug|Any CPU.ActiveCfg = Debug|Any CPU
		{CB8AFADC-3A72-4CEF-AB0A-26F99BCF6CF5}.Debug|Any CPU.Build.0 = Debug|Any CPU
		{CB8AFADC-3A72-4CEF-AB0A-26F99BCF6CF5}.Release|Any CPU.ActiveCfg = Release|Any CPU
		{CB8AFADC-3A72-4CEF-AB0A-26F99BCF6CF5}.Release|Any CPU.Build.0 = Release|Any CPU
		{F1D03A83-7898-471F-9157-01627561CAFB}.Debug|Any CPU.ActiveCfg = Debug|Any CPU
		{F1D03A83-7898-471F-9157-01627561CAFB}.Debug|Any CPU.Build.0 = Debug|Any CPU
		{F1D03A83-7898-471F-9157-01627561CAFB}.Release|Any CPU.ActiveCfg = Release|Any CPU
		{F1D03A83-7898-471F-9157-01627561CAFB}.Release|Any CPU.Build.0 = Release|Any CPU
		{766B5B53-86DC-43AC-8B0E-576E777C0C25}.Debug|Any CPU.ActiveCfg = Debug|Any CPU
		{766B5B53-86DC-43AC-8B0E-576E777C0C25}.Debug|Any CPU.Build.0 = Debug|Any CPU
		{766B5B53-86DC-43AC-8B0E-576E777C0C25}.Release|Any CPU.ActiveCfg = Release|Any CPU
		{766B5B53-86DC-43AC-8B0E-576E777C0C25}.Release|Any CPU.Build.0 = Release|Any CPU
		{178E19C3-8D25-492D-AA42-6EDC322FEBDD}.Debug|Any CPU.ActiveCfg = Debug|Any CPU
		{178E19C3-8D25-492D-AA42-6EDC322FEBDD}.Debug|Any CPU.Build.0 = Debug|Any CPU
		{178E19C3-8D25-492D-AA42-6EDC322FEBDD}.Release|Any CPU.ActiveCfg = Release|Any CPU
		{178E19C3-8D25-492D-AA42-6EDC322FEBDD}.Release|Any CPU.Build.0 = Release|Any CPU
		{5C378D04-83B2-459B-9223-0F3C27878E23}.Debug|Any CPU.ActiveCfg = Debug|Any CPU
		{5C378D04-83B2-459B-9223-0F3C27878E23}.Debug|Any CPU.Build.0 = Debug|Any CPU
		{5C378D04-83B2-459B-9223-0F3C27878E23}.Release|Any CPU.ActiveCfg = Release|Any CPU
		{5C378D04-83B2-459B-9223-0F3C27878E23}.Release|Any CPU.Build.0 = Release|Any CPU
	EndGlobalSection
	GlobalSection(SolutionProperties) = preSolution
		HideSolutionNode = FALSE
	EndGlobalSection
	GlobalSection(NestedProjects) = preSolution
		{C6A17209-8374-4E53-B3BA-8CB8F9F3D9AB} = {B4A61F89-C204-4F81-8A96-A42E38F8F788}
		{5DEBFBBB-18DD-485D-991B-D945263CA04C} = {B4A61F89-C204-4F81-8A96-A42E38F8F788}
		{C28D11AC-A0AD-4873-8C62-94DBBC1BE748} = {B4A61F89-C204-4F81-8A96-A42E38F8F788}
		{EF065F3A-8B3D-4782-9B50-C598DB9614CF} = {B4A61F89-C204-4F81-8A96-A42E38F8F788}
		{9DA56844-BEFC-4935-9082-A27554E615C6} = {11210215-045A-4FE9-9054-0988FCBBE5A0}
		{A3899A6E-48EF-4A95-B7BD-E60EB6D2F017} = {11210215-045A-4FE9-9054-0988FCBBE5A0}
		{57E09D90-3C6F-4A9E-8B4D-C8F286798D05} = {11210215-045A-4FE9-9054-0988FCBBE5A0}
		{CB8AFADC-3A72-4CEF-AB0A-26F99BCF6CF5} = {11210215-045A-4FE9-9054-0988FCBBE5A0}
		{F3B5B037-F413-4B40-9E40-D334963E2A1B} = {11210215-045A-4FE9-9054-0988FCBBE5A0}
		{F1D03A83-7898-471F-9157-01627561CAFB} = {F3B5B037-F413-4B40-9E40-D334963E2A1B}
		{766B5B53-86DC-43AC-8B0E-576E777C0C25} = {F3B5B037-F413-4B40-9E40-D334963E2A1B}
		{178E19C3-8D25-492D-AA42-6EDC322FEBDD} = {F3B5B037-F413-4B40-9E40-D334963E2A1B}
		{5C378D04-83B2-459B-9223-0F3C27878E23} = {B4A61F89-C204-4F81-8A96-A42E38F8F788}
	EndGlobalSection
	GlobalSection(ExtensibilityGlobals) = postSolution
		SolutionGuid = {E42E4611-988E-47E1-8973-8AF25F5F501F}
	EndGlobalSection
EndGlobal
